
Microsoft Visual Studio Solution File, Format Version 11.00
# Visual Studio 2010
Project("{2150E333-8FDC-42A3-9474-1A3956D46DE8}") = "Framework", "Framework", "{0631AAC4-FD6F-47FB-9B3E-7FF95E8C67C5}"
EndProject
Project("{2150E333-8FDC-42A3-9474-1A3956D46DE8}") = "Extensions", "Extensions", "{A7A68260-004D-455C-AE56-BFC3AB1136B2}"
EndProject
Project("{2150E333-8FDC-42A3-9474-1A3956D46DE8}") = "ProTONE Player", "ProTONE Player", "{1EB2C442-CCBF-4A77-9F6B-04FE3B36344C}"
EndProject
Project("{2150E333-8FDC-42A3-9474-1A3956D46DE8}") = "Media Library", "Media Library", "{EC82DB45-3623-4BAF-9B88-53956575CC87}"
EndProject
Project("{2150E333-8FDC-42A3-9474-1A3956D46DE8}") = "Remote Control", "Remote Control", "{7AFB26AE-EB50-4A26-AB45-26BA28563E7F}"
EndProject
Project("{FAE04EC0-301F-11D3-BF4B-00C04F79EFBC}") = "OPMedia.MediaLibrary", "Applications\OPMedia.MediaLibrary\OPMedia.MediaLibrary.csproj", "{83EB55B7-DC25-4D02-B6A1-282D29033829}"
EndProject
Project("{FAE04EC0-301F-11D3-BF4B-00C04F79EFBC}") = "OPMedia.Addons.Builtin", "Extensions\OPMedia.Addons.Builtin\OPMedia.Addons.Builtin.csproj", "{6F8F065A-62A9-48D7-AADC-5E59CBCD1D3A}"
EndProject
Project("{FAE04EC0-301F-11D3-BF4B-00C04F79EFBC}") = "OPMedia.WinService.RCCService", "WinServices\OPMedia Remote Control Service\WinService\OPMedia.WinService.RCCService.csproj", "{424CBA75-45EA-42AC-87BA-81F1C5B40222}"
EndProject
Project("{FAE04EC0-301F-11D3-BF4B-00C04F79EFBC}") = "OPMedia.ServiceHelper.RCCService", "WinServices\OPMedia Remote Control Service\OPMedia.ServiceHelper.RemoteControl\OPMedia.ServiceHelper.RCCService.csproj", "{796ABA17-4782-480F-A16F-156A35BBDD01}"
EndProject
Project("{FAE04EC0-301F-11D3-BF4B-00C04F79EFBC}") = "OPMedia.RCCManager", "Applications\OPMedia.RCCManager\OPMedia.RCCManager.csproj", "{4FE8AAEA-D6B5-47D7-B60E-9F50C4CB06EB}"
EndProject
Project("{FAE04EC0-301F-11D3-BF4B-00C04F79EFBC}") = "OPMedia.ShellSupport", "Extensions\OPMedia.ShellSupport\OPMedia.ShellSupport.csproj", "{1988DB5F-1FA6-4648-939E-89F11761FB94}"
EndProject
Project("{FAE04EC0-301F-11D3-BF4B-00C04F79EFBC}") = "OPMedia.ProTONE", "Applications\OPMedia.ProTONE\OPMedia.ProTONE.csproj", "{6D148B9D-5B38-4B24-93C8-4B86DDF6D1C6}"
EndProject
Project("{8BC9CEB8-8B4A-11D0-8D11-00A0C91BC942}") = "IRSerDev", "IRSerDev\IRSerDev.vcxproj", "{7527A503-9FD3-4F31-86B6-D59A37E9B441}"
EndProject
Project("{2150E333-8FDC-42A3-9474-1A3956D46DE8}") = "Device Drivers", "Device Drivers", "{CD886A8C-7F9E-40A3-9306-7C0D8AE440FD}"
EndProject
Project("{2150E333-8FDC-42A3-9474-1A3956D46DE8}") = "OPMediaBase", "OPMediaBase", "{1101B967-4322-4698-8D82-83DA0B0DACFD}"
EndProject
Project("{2150E333-8FDC-42A3-9474-1A3956D46DE8}") = "ProTONE", "ProTONE", "{114014C8-9E85-476A-9BD3-036DE649D6CB}"
EndProject
Project("{FAE04EC0-301F-11D3-BF4B-00C04F79EFBC}") = "OPMedia.Utility", "Framework\OPMediaBase\ApplicationCleaner\OPMedia.Utility.csproj", "{EDBB6097-6BDD-43BE-89E6-EDE39518586A}"
EndProject
Project("{FAE04EC0-301F-11D3-BF4B-00C04F79EFBC}") = "OPMedia.Core", "Framework\OPMediaBase\OPMedia.Core\OPMedia.Core.csproj", "{D75C6E16-0208-40FD-8C54-F073667F5384}"
EndProject
Project("{FAE04EC0-301F-11D3-BF4B-00C04F79EFBC}") = "OPMedia.Runtime", "Framework\OPMediaBase\OPMedia.Runtime\OPMedia.Runtime.csproj", "{0A0114C0-4409-42F3-940C-31038104261C}"
EndProject
Project("{FAE04EC0-301F-11D3-BF4B-00C04F79EFBC}") = "OPMedia.Runtime.Addons", "Framework\OPMediaBase\OPMedia.Runtime.Addons\OPMedia.Runtime.Addons.csproj", "{EAD6662B-2B4A-47A8-A82B-B44463668177}"
EndProject
Project("{FAE04EC0-301F-11D3-BF4B-00C04F79EFBC}") = "OPMedia.UI", "Framework\OPMediaBase\OPMedia.UI\OPMedia.UI.csproj", "{3405ACFC-77F4-470D-BF75-4754A8214998}"
EndProject
Project("{FAE04EC0-301F-11D3-BF4B-00C04F79EFBC}") = "OPMedia.Runtime.ProTONE", "Framework\ProTONE\OPMedia.Runtime.ProTONE\OPMedia.Runtime.ProTONE.csproj", "{8C047807-786E-4B9C-8DF5-1DF99F75C874}"
EndProject
Project("{FAE04EC0-301F-11D3-BF4B-00C04F79EFBC}") = "OPMedia.UI.ProTONE", "Framework\ProTONE\OPMedia.UI.ProTONE\OPMedia.UI.ProTONE.csproj", "{742E1775-5F08-40E3-97D1-E0EEEB7198F4}"
EndProject
Project("{2150E333-8FDC-42A3-9474-1A3956D46DE8}") = "Solution Items", "Solution Items", "{4EE48AD0-EB1A-46F0-BF87-2587913815BF}"
	ProjectSection(SolutionItems) = preProject
		..\ProTONE Suite.build = ..\ProTONE Suite.build
		Installers\ProtoneSuite.iss = Installers\ProtoneSuite.iss
	EndProjectSection
EndProject
Global
	GlobalSection(SolutionConfigurationPlatforms) = preSolution
		Default|x86 = Default|x86
	EndGlobalSection
	GlobalSection(ProjectConfigurationPlatforms) = postSolution
		{83EB55B7-DC25-4D02-B6A1-282D29033829}.Default|x86.ActiveCfg = Debug|x86
		{83EB55B7-DC25-4D02-B6A1-282D29033829}.Default|x86.Build.0 = Debug|x86
		{6F8F065A-62A9-48D7-AADC-5E59CBCD1D3A}.Default|x86.ActiveCfg = Debug|x86
		{6F8F065A-62A9-48D7-AADC-5E59CBCD1D3A}.Default|x86.Build.0 = Debug|x86
		{424CBA75-45EA-42AC-87BA-81F1C5B40222}.Default|x86.ActiveCfg = Debug|x86
		{424CBA75-45EA-42AC-87BA-81F1C5B40222}.Default|x86.Build.0 = Debug|x86
		{796ABA17-4782-480F-A16F-156A35BBDD01}.Default|x86.ActiveCfg = Debug|x86
		{796ABA17-4782-480F-A16F-156A35BBDD01}.Default|x86.Build.0 = Debug|x86
		{4FE8AAEA-D6B5-47D7-B60E-9F50C4CB06EB}.Default|x86.ActiveCfg = Debug|x86
		{4FE8AAEA-D6B5-47D7-B60E-9F50C4CB06EB}.Default|x86.Build.0 = Debug|x86
		{1988DB5F-1FA6-4648-939E-89F11761FB94}.Default|x86.ActiveCfg = Debug|x86
		{1988DB5F-1FA6-4648-939E-89F11761FB94}.Default|x86.Build.0 = Debug|x86
		{6D148B9D-5B38-4B24-93C8-4B86DDF6D1C6}.Default|x86.ActiveCfg = Debug|x86
		{6D148B9D-5B38-4B24-93C8-4B86DDF6D1C6}.Default|x86.Build.0 = Debug|x86
		{7527A503-9FD3-4F31-86B6-D59A37E9B441}.Default|x86.ActiveCfg = Debug|Win32
		{7527A503-9FD3-4F31-86B6-D59A37E9B441}.Default|x86.Build.0 = Debug|Win32
		{EDBB6097-6BDD-43BE-89E6-EDE39518586A}.Default|x86.ActiveCfg = Debug|x86
		{EDBB6097-6BDD-43BE-89E6-EDE39518586A}.Default|x86.Build.0 = Debug|x86
		{D75C6E16-0208-40FD-8C54-F073667F5384}.Default|x86.ActiveCfg = Debug|x86
		{D75C6E16-0208-40FD-8C54-F073667F5384}.Default|x86.Build.0 = Debug|x86
		{0A0114C0-4409-42F3-940C-31038104261C}.Default|x86.ActiveCfg = Debug|x86
		{0A0114C0-4409-42F3-940C-31038104261C}.Default|x86.Build.0 = Debug|x86
		{EAD6662B-2B4A-47A8-A82B-B44463668177}.Default|x86.ActiveCfg = Debug|x86
		{EAD6662B-2B4A-47A8-A82B-B44463668177}.Default|x86.Build.0 = Debug|x86
		{3405ACFC-77F4-470D-BF75-4754A8214998}.Default|x86.ActiveCfg = Debug|x86
		{3405ACFC-77F4-470D-BF75-4754A8214998}.Default|x86.Build.0 = Debug|x86
		{8C047807-786E-4B9C-8DF5-1DF99F75C874}.Default|x86.ActiveCfg = Debug|x86
		{8C047807-786E-4B9C-8DF5-1DF99F75C874}.Default|x86.Build.0 = Debug|x86
		{742E1775-5F08-40E3-97D1-E0EEEB7198F4}.Default|x86.ActiveCfg = Debug|x86
		{742E1775-5F08-40E3-97D1-E0EEEB7198F4}.Default|x86.Build.0 = Debug|x86
	EndGlobalSection
	GlobalSection(SolutionProperties) = preSolution
		HideSolutionNode = FALSE
	EndGlobalSection
	GlobalSection(NestedProjects) = preSolution
		{1101B967-4322-4698-8D82-83DA0B0DACFD} = {0631AAC4-FD6F-47FB-9B3E-7FF95E8C67C5}
		{114014C8-9E85-476A-9BD3-036DE649D6CB} = {0631AAC4-FD6F-47FB-9B3E-7FF95E8C67C5}
		{6F8F065A-62A9-48D7-AADC-5E59CBCD1D3A} = {A7A68260-004D-455C-AE56-BFC3AB1136B2}
		{1988DB5F-1FA6-4648-939E-89F11761FB94} = {A7A68260-004D-455C-AE56-BFC3AB1136B2}
		{6D148B9D-5B38-4B24-93C8-4B86DDF6D1C6} = {1EB2C442-CCBF-4A77-9F6B-04FE3B36344C}
		{83EB55B7-DC25-4D02-B6A1-282D29033829} = {EC82DB45-3623-4BAF-9B88-53956575CC87}
		{424CBA75-45EA-42AC-87BA-81F1C5B40222} = {7AFB26AE-EB50-4A26-AB45-26BA28563E7F}
		{796ABA17-4782-480F-A16F-156A35BBDD01} = {7AFB26AE-EB50-4A26-AB45-26BA28563E7F}
		{4FE8AAEA-D6B5-47D7-B60E-9F50C4CB06EB} = {7AFB26AE-EB50-4A26-AB45-26BA28563E7F}
		{CD886A8C-7F9E-40A3-9306-7C0D8AE440FD} = {7AFB26AE-EB50-4A26-AB45-26BA28563E7F}
		{7527A503-9FD3-4F31-86B6-D59A37E9B441} = {CD886A8C-7F9E-40A3-9306-7C0D8AE440FD}
		{EDBB6097-6BDD-43BE-89E6-EDE39518586A} = {1101B967-4322-4698-8D82-83DA0B0DACFD}
		{D75C6E16-0208-40FD-8C54-F073667F5384} = {1101B967-4322-4698-8D82-83DA0B0DACFD}
		{0A0114C0-4409-42F3-940C-31038104261C} = {1101B967-4322-4698-8D82-83DA0B0DACFD}
		{EAD6662B-2B4A-47A8-A82B-B44463668177} = {1101B967-4322-4698-8D82-83DA0B0DACFD}
		{3405ACFC-77F4-470D-BF75-4754A8214998} = {1101B967-4322-4698-8D82-83DA0B0DACFD}
		{8C047807-786E-4B9C-8DF5-1DF99F75C874} = {114014C8-9E85-476A-9BD3-036DE649D6CB}
		{742E1775-5F08-40E3-97D1-E0EEEB7198F4} = {114014C8-9E85-476A-9BD3-036DE649D6CB}
	EndGlobalSection
EndGlobal
