
Microsoft Visual Studio Solution File, Format Version 11.00
# Visual Studio 2010
Project("{FAE04EC0-301F-11D3-BF4B-00C04F79EFBC}") = "docs", "docs.csproj", "{7291D4DE-8722-419B-B6A9-A706911EC95C}"
EndProject
Global
	GlobalSection(SolutionConfigurationPlatforms) = preSolution
		Debug|x86 = Debug|x86
		OPM Framework for GAC|x86 = OPM Framework for GAC|x86
		Release|x86 = Release|x86
	EndGlobalSection
	GlobalSection(ProjectConfigurationPlatforms) = postSolution
		{7291D4DE-8722-419B-B6A9-A706911EC95C}.Debug|x86.ActiveCfg = Debug|x86
		{7291D4DE-8722-419B-B6A9-A706911EC95C}.Debug|x86.Build.0 = Debug|x86
		{7291D4DE-8722-419B-B6A9-A706911EC95C}.OPM Framework for GAC|x86.ActiveCfg = OPM Framework for GAC|x86
		{7291D4DE-8722-419B-B6A9-A706911EC95C}.OPM Framework for GAC|x86.Build.0 = OPM Framework for GAC|x86
		{7291D4DE-8722-419B-B6A9-A706911EC95C}.Release|x86.ActiveCfg = Release|x86
		{7291D4DE-8722-419B-B6A9-A706911EC95C}.Release|x86.Build.0 = Release|x86
	EndGlobalSection
	GlobalSection(SolutionProperties) = preSolution
		HideSolutionNode = FALSE
	EndGlobalSection
EndGlobal
